
Microsoft Visual Studio Solution File, Format Version 12.00
# Visual Studio Version 17
VisualStudioVersion = 17.9.34723.18
MinimumVisualStudioVersion = 10.0.40219.1
Project("{9A19103F-16F7-4668-BE54-9A1E7A4F7556}") = "Oop", "Oop.csproj", "{959B6EA9-833E-4C98-9F27-2FDC1633022B}"
EndProject
Global
	GlobalSection(SolutionConfigurationPlatforms) = preSolution
		Debug|Any CPU = Debug|Any CPU
		Release|Any CPU = Release|Any CPU
	EndGlobalSection
	GlobalSection(ProjectConfigurationPlatforms) = postSolution
		{959B6EA9-833E-4C98-9F27-2FDC1633022B}.Debug|Any CPU.ActiveCfg = Debug|Any CPU
		{959B6EA9-833E-4C98-9F27-2FDC1633022B}.Debug|Any CPU.Build.0 = Debug|Any CPU
		{959B6EA9-833E-4C98-9F27-2FDC1633022B}.Release|Any CPU.ActiveCfg = Release|Any CPU
		{959B6EA9-833E-4C98-9F27-2FDC1633022B}.Release|Any CPU.Build.0 = Release|Any CPU
	EndGlobalSection
	GlobalSection(SolutionProperties) = preSolution
		HideSolutionNode = FALSE
	EndGlobalSection
	GlobalSection(ExtensibilityGlobals) = postSolution
		SolutionGuid = {19C77877-EBFF-4B39-8244-58CFCD38F372}
	EndGlobalSection
EndGlobal
